
Microsoft Visual Studio Solution File, Format Version 12.00
# Visual Studio Version 17
VisualStudioVersion = 17.7.34009.444
MinimumVisualStudioVersion = 10.0.40219.1
Project("{00D1A9C2-B5F0-4AF3-8072-F6C62B433612}") = "Database1", "Database1\Database1.sqlproj", "{29EF4D53-3050-41D6-B40F-764DFFC25D28}"
EndProject
Global
	GlobalSection(SolutionConfigurationPlatforms) = preSolution
		Debug|Any CPU = Debug|Any CPU
		Release|Any CPU = Release|Any CPU
	EndGlobalSection
	GlobalSection(ProjectConfigurationPlatforms) = postSolution
		{29EF4D53-3050-41D6-B40F-764DFFC25D28}.Debug|Any CPU.ActiveCfg = Debug|Any CPU
		{29EF4D53-3050-41D6-B40F-764DFFC25D28}.Debug|Any CPU.Build.0 = Debug|Any CPU
		{29EF4D53-3050-41D6-B40F-764DFFC25D28}.Debug|Any CPU.Deploy.0 = Debug|Any CPU
		{29EF4D53-3050-41D6-B40F-764DFFC25D28}.Release|Any CPU.ActiveCfg = Release|Any CPU
		{29EF4D53-3050-41D6-B40F-764DFFC25D28}.Release|Any CPU.Build.0 = Release|Any CPU
		{29EF4D53-3050-41D6-B40F-764DFFC25D28}.Release|Any CPU.Deploy.0 = Release|Any CPU
	EndGlobalSection
	GlobalSection(SolutionProperties) = preSolution
		HideSolutionNode = FALSE
	EndGlobalSection
	GlobalSection(ExtensibilityGlobals) = postSolution
		SolutionGuid = {008DA6BB-C37C-45C4-B0BD-E29AAFE11019}
	EndGlobalSection
EndGlobal
